# THIS IS AN AUTOGENERATED FILE. DO NOT EDIT THIS FILE DIRECTLY.
# yarn lockfile v1


motebus@1.0.9:
  version "1.0.9"
  resolved "https://registry.yarnpkg.com/motebus/-/motebus-1.0.9.tgz#b931cc67b3fb21abb90b28b0a7745eedb6b49a06"
  integrity sha512-6ug234DZMCZrUT7D//wNieEE2Se3qN91nRF/lh+idZ0BYuBmulyf03gJM3nNdI3LiEcc3LfKaVWr5pE5I2FXPw==
